
Microsoft Visual Studio Solution File, Format Version 12.00
# Visual Studio Version 17
VisualStudioVersion = 17.13.35931.197
MinimumVisualStudioVersion = 10.0.40219.1
Project("{FAE04EC0-301F-11D3-BF4B-00C04F79EFBC}") = "Giris", "Giris\Giris.csproj", "{0E5A5874-C6D7-4075-A7A4-09A0D998952A}"
EndProject
Project("{FAE04EC0-301F-11D3-BF4B-00C04F79EFBC}") = "HttpVerbs", "HttpVerbs\HttpVerbs.csproj", "{49DB82F0-2607-471F-A19D-1EF35A85A0F7}"
EndProject
Project("{FAE04EC0-301F-11D3-BF4B-00C04F79EFBC}") = "RouteHandlers", "RouteHandlers\RouteHandlers.csproj", "{1411C4FC-7135-4C06-BC2F-F016024D6D1D}"
EndProject
Project("{FAE04EC0-301F-11D3-BF4B-00C04F79EFBC}") = "RouteParameters", "RouteParameters\RouteParameters.csproj", "{0DFC2163-01AD-4557-86BD-E12591C0DDFC}"
EndProject
Project("{FAE04EC0-301F-11D3-BF4B-00C04F79EFBC}") = "ParameterBinding", "ParameterBinding\ParameterBinding.csproj", "{280492A3-BB99-4F7B-AC4D-107A448A5BFF}"
EndProject
Project("{FAE04EC0-301F-11D3-BF4B-00C04F79EFBC}") = "Results", "Results\Results.csproj", "{7451D5B6-310D-4F18-90A0-0930B2929185}"
EndProject
Project("{FAE04EC0-301F-11D3-BF4B-00C04F79EFBC}") = "GlobalErrorHandler", "GlobalErrorHandler\GlobalErrorHandler.csproj", "{ECE1C64E-77E1-4323-8219-17CBFE058054}"
EndProject
Project("{FAE04EC0-301F-11D3-BF4B-00C04F79EFBC}") = "Cors", "Cors\Cors.csproj", "{178F6511-036A-4BC0-9D72-A1AD953B2CBF}"
EndProject
Project("{FAE04EC0-301F-11D3-BF4B-00C04F79EFBC}") = "Swagger", "Swagger\Swagger.csproj", "{B3BE65A6-B116-46B0-8DF2-862E9AE7AD87}"
EndProject
Project("{FAE04EC0-301F-11D3-BF4B-00C04F79EFBC}") = "Validation", "Validation\Validation.csproj", "{7A05DEDA-0507-470F-97CD-B73AB37C1330}"
EndProject
Global
	GlobalSection(SolutionConfigurationPlatforms) = preSolution
		Debug|Any CPU = Debug|Any CPU
		Release|Any CPU = Release|Any CPU
	EndGlobalSection
	GlobalSection(ProjectConfigurationPlatforms) = postSolution
		{0E5A5874-C6D7-4075-A7A4-09A0D998952A}.Debug|Any CPU.ActiveCfg = Debug|Any CPU
		{0E5A5874-C6D7-4075-A7A4-09A0D998952A}.Debug|Any CPU.Build.0 = Debug|Any CPU
		{0E5A5874-C6D7-4075-A7A4-09A0D998952A}.Release|Any CPU.ActiveCfg = Release|Any CPU
		{0E5A5874-C6D7-4075-A7A4-09A0D998952A}.Release|Any CPU.Build.0 = Release|Any CPU
		{49DB82F0-2607-471F-A19D-1EF35A85A0F7}.Debug|Any CPU.ActiveCfg = Debug|Any CPU
		{49DB82F0-2607-471F-A19D-1EF35A85A0F7}.Debug|Any CPU.Build.0 = Debug|Any CPU
		{49DB82F0-2607-471F-A19D-1EF35A85A0F7}.Release|Any CPU.ActiveCfg = Release|Any CPU
		{49DB82F0-2607-471F-A19D-1EF35A85A0F7}.Release|Any CPU.Build.0 = Release|Any CPU
		{1411C4FC-7135-4C06-BC2F-F016024D6D1D}.Debug|Any CPU.ActiveCfg = Debug|Any CPU
		{1411C4FC-7135-4C06-BC2F-F016024D6D1D}.Debug|Any CPU.Build.0 = Debug|Any CPU
		{1411C4FC-7135-4C06-BC2F-F016024D6D1D}.Release|Any CPU.ActiveCfg = Release|Any CPU
		{1411C4FC-7135-4C06-BC2F-F016024D6D1D}.Release|Any CPU.Build.0 = Release|Any CPU
		{0DFC2163-01AD-4557-86BD-E12591C0DDFC}.Debug|Any CPU.ActiveCfg = Debug|Any CPU
		{0DFC2163-01AD-4557-86BD-E12591C0DDFC}.Debug|Any CPU.Build.0 = Debug|Any CPU
		{0DFC2163-01AD-4557-86BD-E12591C0DDFC}.Release|Any CPU.ActiveCfg = Release|Any CPU
		{0DFC2163-01AD-4557-86BD-E12591C0DDFC}.Release|Any CPU.Build.0 = Release|Any CPU
		{280492A3-BB99-4F7B-AC4D-107A448A5BFF}.Debug|Any CPU.ActiveCfg = Debug|Any CPU
		{280492A3-BB99-4F7B-AC4D-107A448A5BFF}.Debug|Any CPU.Build.0 = Debug|Any CPU
		{280492A3-BB99-4F7B-AC4D-107A448A5BFF}.Release|Any CPU.ActiveCfg = Release|Any CPU
		{280492A3-BB99-4F7B-AC4D-107A448A5BFF}.Release|Any CPU.Build.0 = Release|Any CPU
		{7451D5B6-310D-4F18-90A0-0930B2929185}.Debug|Any CPU.ActiveCfg = Debug|Any CPU
		{7451D5B6-310D-4F18-90A0-0930B2929185}.Debug|Any CPU.Build.0 = Debug|Any CPU
		{7451D5B6-310D-4F18-90A0-0930B2929185}.Release|Any CPU.ActiveCfg = Release|Any CPU
		{7451D5B6-310D-4F18-90A0-0930B2929185}.Release|Any CPU.Build.0 = Release|Any CPU
		{ECE1C64E-77E1-4323-8219-17CBFE058054}.Debug|Any CPU.ActiveCfg = Debug|Any CPU
		{ECE1C64E-77E1-4323-8219-17CBFE058054}.Debug|Any CPU.Build.0 = Debug|Any CPU
		{ECE1C64E-77E1-4323-8219-17CBFE058054}.Release|Any CPU.ActiveCfg = Release|Any CPU
		{ECE1C64E-77E1-4323-8219-17CBFE058054}.Release|Any CPU.Build.0 = Release|Any CPU
		{178F6511-036A-4BC0-9D72-A1AD953B2CBF}.Debug|Any CPU.ActiveCfg = Debug|Any CPU
		{178F6511-036A-4BC0-9D72-A1AD953B2CBF}.Debug|Any CPU.Build.0 = Debug|Any CPU
		{178F6511-036A-4BC0-9D72-A1AD953B2CBF}.Release|Any CPU.ActiveCfg = Release|Any CPU
		{178F6511-036A-4BC0-9D72-A1AD953B2CBF}.Release|Any CPU.Build.0 = Release|Any CPU
		{B3BE65A6-B116-46B0-8DF2-862E9AE7AD87}.Debug|Any CPU.ActiveCfg = Debug|Any CPU
		{B3BE65A6-B116-46B0-8DF2-862E9AE7AD87}.Debug|Any CPU.Build.0 = Debug|Any CPU
		{B3BE65A6-B116-46B0-8DF2-862E9AE7AD87}.Release|Any CPU.ActiveCfg = Release|Any CPU
		{B3BE65A6-B116-46B0-8DF2-862E9AE7AD87}.Release|Any CPU.Build.0 = Release|Any CPU
		{7A05DEDA-0507-470F-97CD-B73AB37C1330}.Debug|Any CPU.ActiveCfg = Debug|Any CPU
		{7A05DEDA-0507-470F-97CD-B73AB37C1330}.Debug|Any CPU.Build.0 = Debug|Any CPU
		{7A05DEDA-0507-470F-97CD-B73AB37C1330}.Release|Any CPU.ActiveCfg = Release|Any CPU
		{7A05DEDA-0507-470F-97CD-B73AB37C1330}.Release|Any CPU.Build.0 = Release|Any CPU
	EndGlobalSection
	GlobalSection(SolutionProperties) = preSolution
		HideSolutionNode = FALSE
	EndGlobalSection
	GlobalSection(ExtensibilityGlobals) = postSolution
		SolutionGuid = {FFAC12E7-4EA9-41B0-BCF6-31FF99DB19E1}
	EndGlobalSection
EndGlobal
